// !$*UTF8*$!
{
	archiveVersion = 1;
	classes = {
	};
	objectVersion = 46;
	objects = {

/* Begin PBXBuildFile section */
		09144A7313C2997E00388B00 /* Entitlements.plist in Resources */ = {isa = PBXBuildFile; fileRef = 09144A7213C2997E00388B00 /* Entitlements.plist */; };
		092354B313A1D7EB00DA740F /* CFNetwork.framework in Frameworks */ = {isa = PBXBuildFile; fileRef = 092354B213A1D7EB00DA740F /* CFNetwork.framework */; };
		092354B513A1D7F000DA740F /* SystemConfiguration.framework in Frameworks */ = {isa = PBXBuildFile; fileRef = 092354B413A1D7F000DA740F /* SystemConfiguration.framework */; };
		092354B713A1D83C00DA740F /* MobileCoreServices.framework in Frameworks */ = {isa = PBXBuildFile; fileRef = 092354B613A1D83C00DA740F /* MobileCoreServices.framework */; };
		094ACA0014367ACD008398F8 /* Parse.framework in Frameworks */ = {isa = PBXBuildFile; fileRef = 094AC9FF14367ACD008398F8 /* Parse.framework */; };
		095ACE8613C68EA300566243 /* AudioToolbox.framework in Frameworks */ = {isa = PBXBuildFile; fileRef = 095ACE8513C68EA300566243 /* AudioToolbox.framework */; };
		099CCEAD13F9E3760039A464 /* libz.1.1.3.dylib in Frameworks */ = {isa = PBXBuildFile; fileRef = 099CCEAC13F9E3760039A464 /* libz.1.1.3.dylib */; };
		09ABC07213A1D52D009C3FCF /* UIKit.framework in Frameworks */ = {isa = PBXBuildFile; fileRef = 09ABC07113A1D52D009C3FCF /* UIKit.framework */; };
		09ABC07413A1D52D009C3FCF /* Foundation.framework in Frameworks */ = {isa = PBXBuildFile; fileRef = 09ABC07313A1D52D009C3FCF /* Foundation.framework */; };
		09ABC07C13A1D52D009C3FCF /* InfoPlist.strings in Resources */ = {isa = PBXBuildFile; fileRef = 09ABC07A13A1D52D009C3FCF /* InfoPlist.strings */; };
		09ABC07F13A1D52D009C3FCF /* main.m in Sources */ = {isa = PBXBuildFile; fileRef = 09ABC07E13A1D52D009C3FCF /* main.m */; };
		09ABC08213A1D52D009C3FCF /* ParseStarterProjectAppDelegate.m in Sources */ = {isa = PBXBuildFile; fileRef = 09ABC08113A1D52D009C3FCF /* ParseStarterProjectAppDelegate.m */; };
		09ABC08513A1D52E009C3FCF /* MainWindow.xib in Resources */ = {isa = PBXBuildFile; fileRef = 09ABC08313A1D52D009C3FCF /* MainWindow.xib */; };
		09ABC08813A1D52E009C3FCF /* ParseStarterProjectViewController.m in Sources */ = {isa = PBXBuildFile; fileRef = 09ABC08713A1D52E009C3FCF /* ParseStarterProjectViewController.m */; };
		09ABC08B13A1D52E009C3FCF /* ParseStarterProjectViewController.xib in Resources */ = {isa = PBXBuildFile; fileRef = 09ABC08913A1D52E009C3FCF /* ParseStarterProjectViewController.xib */; };
		09BEF34C13D51C3F001BBCDB /* Security.framework in Frameworks */ = {isa = PBXBuildFile; fileRef = 09BEF34B13D51C3F001BBCDB /* Security.framework */; };
		2FCDD6B014A573F500295AAC /* QuartzCore.framework in Frameworks */ = {isa = PBXBuildFile; fileRef = 2FCDD6AF14A573F500295AAC /* QuartzCore.framework */; };
		4998650515BF305000803E05 /* StoreKit.framework in Frameworks */ = {isa = PBXBuildFile; fileRef = 4998650415BF305000803E05 /* StoreKit.framework */; };
		743D7B6D157DA60100084B67 /* CoreGraphics.framework in Frameworks */ = {isa = PBXBuildFile; fileRef = 743D7B6C157DA60100084B67 /* CoreGraphics.framework */; };
		7608FF4B15E937D0004971BF /* DIYTabViewController.m in Sources */ = {isa = PBXBuildFile; fileRef = 7608FF4915E937D0004971BF /* DIYTabViewController.m */; };
		7608FF4C15E937D0004971BF /* DIYTabViewController.xib in Resources */ = {isa = PBXBuildFile; fileRef = 7608FF4A15E937D0004971BF /* DIYTabViewController.xib */; };
		7608FF4F15E94379004971BF /* Logo.png in Resources */ = {isa = PBXBuildFile; fileRef = 7608FF4E15E94379004971BF /* Logo.png */; };
		7608FF5115E94891004971BF /* SignUp.png in Resources */ = {isa = PBXBuildFile; fileRef = 7608FF5015E94891004971BF /* SignUp.png */; };
		7608FF5315E94951004971BF /* Login.png in Resources */ = {isa = PBXBuildFile; fileRef = 7608FF5215E94951004971BF /* Login.png */; };
		7608FF5515E949C9004971BF /* Default@2x.png in Resources */ = {isa = PBXBuildFile; fileRef = 7608FF5415E949C9004971BF /* Default@2x.png */; };
		7608FF5715E949F9004971BF /* Default.png in Resources */ = {isa = PBXBuildFile; fileRef = 7608FF5615E949F9004971BF /* Default.png */; };
		764E0EF315E311720068252B /* DIYCategoriesTableViewController.m in Sources */ = {isa = PBXBuildFile; fileRef = 764E0EF215E311720068252B /* DIYCategoriesTableViewController.m */; };
		764E0FE315E9239C0068252B /* LoginViewController.xib in Resources */ = {isa = PBXBuildFile; fileRef = 764E0FE215E9239C0068252B /* LoginViewController.xib */; };
		764E0FE515E923B30068252B /* NewUserViewController.xib in Resources */ = {isa = PBXBuildFile; fileRef = 764E0FE415E923B30068252B /* NewUserViewController.xib */; };
		764E0FE915E923F40068252B /* DIYCategoriesViewController.xib in Resources */ = {isa = PBXBuildFile; fileRef = 764E0FE815E923F40068252B /* DIYCategoriesViewController.xib */; };
		764E0FEB15E924180068252B /* DIYLessonsViewController.xib in Resources */ = {isa = PBXBuildFile; fileRef = 764E0FEA15E924180068252B /* DIYLessonsViewController.xib */; };
		764E0FEF15E9243C0068252B /* WantedItemViewController.xib in Resources */ = {isa = PBXBuildFile; fileRef = 764E0FEE15E9243C0068252B /* WantedItemViewController.xib */; };
		764E0FF115E924540068252B /* WantedItemsViewController.xib in Resources */ = {isa = PBXBuildFile; fileRef = 764E0FF015E924540068252B /* WantedItemsViewController.xib */; };
		764E0FF315E9246D0068252B /* AddWantedItemViewController.xib in Resources */ = {isa = PBXBuildFile; fileRef = 764E0FF215E9246C0068252B /* AddWantedItemViewController.xib */; };
		764E0FF515E9248B0068252B /* WantedItemsByOthersViewController.xib in Resources */ = {isa = PBXBuildFile; fileRef = 764E0FF415E9248B0068252B /* WantedItemsByOthersViewController.xib */; };
		764E0FF715E9249D0068252B /* WantedItemByOtherViewController.xib in Resources */ = {isa = PBXBuildFile; fileRef = 764E0FF615E9249C0068252B /* WantedItemByOtherViewController.xib */; };
		764E0FFE15E926070068252B /* LoginViewController.m in Sources */ = {isa = PBXBuildFile; fileRef = 764E0FFB15E926070068252B /* LoginViewController.m */; };
		764E0FFF15E926070068252B /* NewUserViewController.m in Sources */ = {isa = PBXBuildFile; fileRef = 764E0FFD15E926070068252B /* NewUserViewController.m */; };
		764E100215E9266B0068252B /* just_background@2x.png in Resources */ = {isa = PBXBuildFile; fileRef = 764E100115E9266B0068252B /* just_background@2x.png */; };
		76986FF015E968450052EC45 /* DIYLessonsViewController.m in Sources */ = {isa = PBXBuildFile; fileRef = 76986FEF15E968450052EC45 /* DIYLessonsViewController.m */; };
		76986FFC15E97DBA0052EC45 /* DIYSearchLessonsViewController.m in Sources */ = {isa = PBXBuildFile; fileRef = 76986FFA15E97DBA0052EC45 /* DIYSearchLessonsViewController.m */; };
		76986FFD15E97DBA0052EC45 /* DIYSearchLessonsViewController.xib in Resources */ = {isa = PBXBuildFile; fileRef = 76986FFB15E97DBA0052EC45 /* DIYSearchLessonsViewController.xib */; };
		7698700115E980E20052EC45 /* DIYLessonViewController.m in Sources */ = {isa = PBXBuildFile; fileRef = 76986FFF15E980E20052EC45 /* DIYLessonViewController.m */; };
		7698700215E980E20052EC45 /* DIYLessonViewController.xib in Resources */ = {isa = PBXBuildFile; fileRef = 7698700015E980E20052EC45 /* DIYLessonViewController.xib */; };
		7698700B15E991D40052EC45 /* UserSettingsTableViewController.m in Sources */ = {isa = PBXBuildFile; fileRef = 7698700915E991D40052EC45 /* UserSettingsTableViewController.m */; };
		7698700C15E991D40052EC45 /* UserSettingsTableViewController.xib in Resources */ = {isa = PBXBuildFile; fileRef = 7698700A15E991D40052EC45 /* UserSettingsTableViewController.xib */; };
		76DB681715E94F2D00E1CDC6 /* icon.png in Resources */ = {isa = PBXBuildFile; fileRef = 76DB681615E94F2D00E1CDC6 /* icon.png */; };
		76DB681A15E94FA500E1CDC6 /* icon@2x.png in Resources */ = {isa = PBXBuildFile; fileRef = 76DB681915E94FA500E1CDC6 /* icon@2x.png */; };
		EC28D04615E960A3004EA7D9 /* SuppliesTableViewController.m in Sources */ = {isa = PBXBuildFile; fileRef = EC28D04515E960A3004EA7D9 /* SuppliesTableViewController.m */; };
		EC28D04915E9654C004EA7D9 /* 111-user.png in Resources */ = {isa = PBXBuildFile; fileRef = EC28D04815E9654C004EA7D9 /* 111-user.png */; };
		EC28D04B15E9691B004EA7D9 /* Logo-small.png in Resources */ = {isa = PBXBuildFile; fileRef = EC28D04A15E9691B004EA7D9 /* Logo-small.png */; };
		EC28D05315E96EB9004EA7D9 /* AddItemViewController.m in Sources */ = {isa = PBXBuildFile; fileRef = EC28D05115E96EB9004EA7D9 /* AddItemViewController.m */; };
		EC28D05415E96EB9004EA7D9 /* AddItemViewController.xib in Resources */ = {isa = PBXBuildFile; fileRef = EC28D05215E96EB9004EA7D9 /* AddItemViewController.xib */; };
		EC82905F15E94A7D007A2732 /* 84-lightbulb.png in Resources */ = {isa = PBXBuildFile; fileRef = EC82905E15E94A7D007A2732 /* 84-lightbulb.png */; };
		EC82906115E94AF9007A2732 /* 181-hammer.png in Resources */ = {isa = PBXBuildFile; fileRef = EC82906015E94AF9007A2732 /* 181-hammer.png */; };
		EC84B83715E996D300C06A20 /* ItemDetailViewController.m in Sources */ = {isa = PBXBuildFile; fileRef = EC84B83515E996D300C06A20 /* ItemDetailViewController.m */; };
		EC84B83815E996D300C06A20 /* ItemDetailViewController.xib in Resources */ = {isa = PBXBuildFile; fileRef = EC84B83615E996D300C06A20 /* ItemDetailViewController.xib */; };
/* End PBXBuildFile section */

/* Begin PBXFileReference section */
		09144A7213C2997E00388B00 /* Entitlements.plist */ = {isa = PBXFileReference; fileEncoding = 4; lastKnownFileType = text.plist.xml; path = Entitlements.plist; sourceTree = "<group>"; };
		092354B213A1D7EB00DA740F /* CFNetwork.framework */ = {isa = PBXFileReference; lastKnownFileType = wrapper.framework; name = CFNetwork.framework; path = System/Library/Frameworks/CFNetwork.framework; sourceTree = SDKROOT; };
		092354B413A1D7F000DA740F /* SystemConfiguration.framework */ = {isa = PBXFileReference; lastKnownFileType = wrapper.framework; name = SystemConfiguration.framework; path = System/Library/Frameworks/SystemConfiguration.framework; sourceTree = SDKROOT; };
		092354B613A1D83C00DA740F /* MobileCoreServices.framework */ = {isa = PBXFileReference; lastKnownFileType = wrapper.framework; name = MobileCoreServices.framework; path = System/Library/Frameworks/MobileCoreServices.framework; sourceTree = SDKROOT; };
		094AC9FF14367ACD008398F8 /* Parse.framework */ = {isa = PBXFileReference; lastKnownFileType = wrapper.framework; path = Parse.framework; sourceTree = "<group>"; };
		095ACE8513C68EA300566243 /* AudioToolbox.framework */ = {isa = PBXFileReference; lastKnownFileType = wrapper.framework; name = AudioToolbox.framework; path = System/Library/Frameworks/AudioToolbox.framework; sourceTree = SDKROOT; };
		099CCEAC13F9E3760039A464 /* libz.1.1.3.dylib */ = {isa = PBXFileReference; lastKnownFileType = "compiled.mach-o.dylib"; name = libz.1.1.3.dylib; path = usr/lib/libz.1.1.3.dylib; sourceTree = SDKROOT; };
		09ABC06D13A1D52D009C3FCF /* Lendable.app */ = {isa = PBXFileReference; explicitFileType = wrapper.application; includeInIndex = 0; path = Lendable.app; sourceTree = BUILT_PRODUCTS_DIR; };
		09ABC07113A1D52D009C3FCF /* UIKit.framework */ = {isa = PBXFileReference; lastKnownFileType = wrapper.framework; name = UIKit.framework; path = System/Library/Frameworks/UIKit.framework; sourceTree = SDKROOT; };
		09ABC07313A1D52D009C3FCF /* Foundation.framework */ = {isa = PBXFileReference; lastKnownFileType = wrapper.framework; name = Foundation.framework; path = System/Library/Frameworks/Foundation.framework; sourceTree = SDKROOT; };
		09ABC07913A1D52D009C3FCF /* ParseStarterProject-Info.plist */ = {isa = PBXFileReference; lastKnownFileType = text.plist.xml; path = "ParseStarterProject-Info.plist"; sourceTree = "<group>"; };
		09ABC07B13A1D52D009C3FCF /* en */ = {isa = PBXFileReference; lastKnownFileType = text.plist.strings; name = en; path = en.lproj/InfoPlist.strings; sourceTree = "<group>"; };
		09ABC07D13A1D52D009C3FCF /* ParseStarterProject-Prefix.pch */ = {isa = PBXFileReference; lastKnownFileType = sourcecode.c.h; path = "ParseStarterProject-Prefix.pch"; sourceTree = "<group>"; };
		09ABC07E13A1D52D009C3FCF /* main.m */ = {isa = PBXFileReference; lastKnownFileType = sourcecode.c.objc; path = main.m; sourceTree = "<group>"; };
		09ABC08013A1D52D009C3FCF /* ParseStarterProjectAppDelegate.h */ = {isa = PBXFileReference; lastKnownFileType = sourcecode.c.h; path = ParseStarterProjectAppDelegate.h; sourceTree = "<group>"; };
		09ABC08113A1D52D009C3FCF /* ParseStarterProjectAppDelegate.m */ = {isa = PBXFileReference; lastKnownFileType = sourcecode.c.objc; path = ParseStarterProjectAppDelegate.m; sourceTree = "<group>"; };
		09ABC08413A1D52E009C3FCF /* en */ = {isa = PBXFileReference; lastKnownFileType = file.xib; name = en; path = en.lproj/MainWindow.xib; sourceTree = "<group>"; };
		09ABC08613A1D52E009C3FCF /* ParseStarterProjectViewController.h */ = {isa = PBXFileReference; lastKnownFileType = sourcecode.c.h; path = ParseStarterProjectViewController.h; sourceTree = "<group>"; };
		09ABC08713A1D52E009C3FCF /* ParseStarterProjectViewController.m */ = {isa = PBXFileReference; lastKnownFileType = sourcecode.c.objc; path = ParseStarterProjectViewController.m; sourceTree = "<group>"; };
		09ABC08A13A1D52E009C3FCF /* en */ = {isa = PBXFileReference; lastKnownFileType = file.xib; name = en; path = en.lproj/ParseStarterProjectViewController.xib; sourceTree = "<group>"; };
		09BEF34B13D51C3F001BBCDB /* Security.framework */ = {isa = PBXFileReference; lastKnownFileType = wrapper.framework; name = Security.framework; path = System/Library/Frameworks/Security.framework; sourceTree = SDKROOT; };
		2FCDD6AF14A573F500295AAC /* QuartzCore.framework */ = {isa = PBXFileReference; lastKnownFileType = wrapper.framework; name = QuartzCore.framework; path = System/Library/Frameworks/QuartzCore.framework; sourceTree = SDKROOT; };
		4998650415BF305000803E05 /* StoreKit.framework */ = {isa = PBXFileReference; lastKnownFileType = wrapper.framework; name = StoreKit.framework; path = System/Library/Frameworks/StoreKit.framework; sourceTree = SDKROOT; };
		743D7B6C157DA60100084B67 /* CoreGraphics.framework */ = {isa = PBXFileReference; lastKnownFileType = wrapper.framework; name = CoreGraphics.framework; path = System/Library/Frameworks/CoreGraphics.framework; sourceTree = SDKROOT; };
		7608FF4815E937D0004971BF /* DIYTabViewController.h */ = {isa = PBXFileReference; fileEncoding = 4; lastKnownFileType = sourcecode.c.h; path = DIYTabViewController.h; sourceTree = "<group>"; };
		7608FF4915E937D0004971BF /* DIYTabViewController.m */ = {isa = PBXFileReference; fileEncoding = 4; lastKnownFileType = sourcecode.c.objc; path = DIYTabViewController.m; sourceTree = "<group>"; };
		7608FF4A15E937D0004971BF /* DIYTabViewController.xib */ = {isa = PBXFileReference; fileEncoding = 4; lastKnownFileType = file.xib; path = DIYTabViewController.xib; sourceTree = "<group>"; };
		7608FF4E15E94379004971BF /* Logo.png */ = {isa = PBXFileReference; lastKnownFileType = image.png; path = Logo.png; sourceTree = "<group>"; };
		7608FF5015E94891004971BF /* SignUp.png */ = {isa = PBXFileReference; lastKnownFileType = image.png; path = SignUp.png; sourceTree = "<group>"; };
		7608FF5215E94951004971BF /* Login.png */ = {isa = PBXFileReference; lastKnownFileType = image.png; path = Login.png; sourceTree = "<group>"; };
		7608FF5415E949C9004971BF /* Default@2x.png */ = {isa = PBXFileReference; lastKnownFileType = image.png; path = "Default@2x.png"; sourceTree = "<group>"; };
		7608FF5615E949F9004971BF /* Default.png */ = {isa = PBXFileReference; lastKnownFileType = image.png; path = Default.png; sourceTree = "<group>"; };
		764E0EF115E311720068252B /* DIYCategoriesTableViewController.h */ = {isa = PBXFileReference; fileEncoding = 4; lastKnownFileType = sourcecode.c.h; path = DIYCategoriesTableViewController.h; sourceTree = "<group>"; };
		764E0EF215E311720068252B /* DIYCategoriesTableViewController.m */ = {isa = PBXFileReference; fileEncoding = 4; lastKnownFileType = sourcecode.c.objc; path = DIYCategoriesTableViewController.m; sourceTree = "<group>"; };
		764E0FE215E9239C0068252B /* LoginViewController.xib */ = {isa = PBXFileReference; fileEncoding = 4; lastKnownFileType = file.xib; path = LoginViewController.xib; sourceTree = "<group>"; };
		764E0FE415E923B30068252B /* NewUserViewController.xib */ = {isa = PBXFileReference; fileEncoding = 4; lastKnownFileType = file.xib; path = NewUserViewController.xib; sourceTree = "<group>"; };
		764E0FE815E923F40068252B /* DIYCategoriesViewController.xib */ = {isa = PBXFileReference; fileEncoding = 4; lastKnownFileType = file.xib; path = DIYCategoriesViewController.xib; sourceTree = "<group>"; };
		764E0FEA15E924180068252B /* DIYLessonsViewController.xib */ = {isa = PBXFileReference; fileEncoding = 4; lastKnownFileType = file.xib; path = DIYLessonsViewController.xib; sourceTree = "<group>"; };
		764E0FEE15E9243C0068252B /* WantedItemViewController.xib */ = {isa = PBXFileReference; fileEncoding = 4; lastKnownFileType = file.xib; path = WantedItemViewController.xib; sourceTree = "<group>"; };
		764E0FF015E924540068252B /* WantedItemsViewController.xib */ = {isa = PBXFileReference; fileEncoding = 4; lastKnownFileType = file.xib; path = WantedItemsViewController.xib; sourceTree = "<group>"; };
		764E0FF215E9246C0068252B /* AddWantedItemViewController.xib */ = {isa = PBXFileReference; fileEncoding = 4; lastKnownFileType = file.xib; path = AddWantedItemViewController.xib; sourceTree = "<group>"; };
		764E0FF415E9248B0068252B /* WantedItemsByOthersViewController.xib */ = {isa = PBXFileReference; fileEncoding = 4; lastKnownFileType = file.xib; path = WantedItemsByOthersViewController.xib; sourceTree = "<group>"; };
		764E0FF615E9249C0068252B /* WantedItemByOtherViewController.xib */ = {isa = PBXFileReference; fileEncoding = 4; lastKnownFileType = file.xib; path = WantedItemByOtherViewController.xib; sourceTree = "<group>"; };
		764E0FFA15E926070068252B /* LoginViewController.h */ = {isa = PBXFileReference; fileEncoding = 4; lastKnownFileType = sourcecode.c.h; path = LoginViewController.h; sourceTree = "<group>"; };
		764E0FFB15E926070068252B /* LoginViewController.m */ = {isa = PBXFileReference; fileEncoding = 4; lastKnownFileType = sourcecode.c.objc; path = LoginViewController.m; sourceTree = "<group>"; };
		764E0FFC15E926070068252B /* NewUserViewController.h */ = {isa = PBXFileReference; fileEncoding = 4; lastKnownFileType = sourcecode.c.h; path = NewUserViewController.h; sourceTree = "<group>"; };
		764E0FFD15E926070068252B /* NewUserViewController.m */ = {isa = PBXFileReference; fileEncoding = 4; lastKnownFileType = sourcecode.c.objc; path = NewUserViewController.m; sourceTree = "<group>"; };
		764E100115E9266B0068252B /* just_background@2x.png */ = {isa = PBXFileReference; lastKnownFileType = image.png; path = "just_background@2x.png"; sourceTree = "<group>"; };
		76986FEE15E968450052EC45 /* DIYLessonsViewController.h */ = {isa = PBXFileReference; fileEncoding = 4; lastKnownFileType = sourcecode.c.h; path = DIYLessonsViewController.h; sourceTree = "<group>"; };
		76986FEF15E968450052EC45 /* DIYLessonsViewController.m */ = {isa = PBXFileReference; fileEncoding = 4; lastKnownFileType = sourcecode.c.objc; path = DIYLessonsViewController.m; sourceTree = "<group>"; };
		76986FF915E97DBA0052EC45 /* DIYSearchLessonsViewController.h */ = {isa = PBXFileReference; fileEncoding = 4; lastKnownFileType = sourcecode.c.h; path = DIYSearchLessonsViewController.h; sourceTree = "<group>"; };
		76986FFA15E97DBA0052EC45 /* DIYSearchLessonsViewController.m */ = {isa = PBXFileReference; fileEncoding = 4; lastKnownFileType = sourcecode.c.objc; path = DIYSearchLessonsViewController.m; sourceTree = "<group>"; };
		76986FFB15E97DBA0052EC45 /* DIYSearchLessonsViewController.xib */ = {isa = PBXFileReference; fileEncoding = 4; lastKnownFileType = file.xib; path = DIYSearchLessonsViewController.xib; sourceTree = "<group>"; };
		76986FFE15E980E20052EC45 /* DIYLessonViewController.h */ = {isa = PBXFileReference; fileEncoding = 4; lastKnownFileType = sourcecode.c.h; path = DIYLessonViewController.h; sourceTree = "<group>"; };
		76986FFF15E980E20052EC45 /* DIYLessonViewController.m */ = {isa = PBXFileReference; fileEncoding = 4; lastKnownFileType = sourcecode.c.objc; path = DIYLessonViewController.m; sourceTree = "<group>"; };
		7698700015E980E20052EC45 /* DIYLessonViewController.xib */ = {isa = PBXFileReference; fileEncoding = 4; lastKnownFileType = file.xib; path = DIYLessonViewController.xib; sourceTree = "<group>"; };
		7698700815E991D40052EC45 /* UserSettingsTableViewController.h */ = {isa = PBXFileReference; fileEncoding = 4; lastKnownFileType = sourcecode.c.h; path = UserSettingsTableViewController.h; sourceTree = "<group>"; };
		7698700915E991D40052EC45 /* UserSettingsTableViewController.m */ = {isa = PBXFileReference; fileEncoding = 4; lastKnownFileType = sourcecode.c.objc; path = UserSettingsTableViewController.m; sourceTree = "<group>"; };
		7698700A15E991D40052EC45 /* UserSettingsTableViewController.xib */ = {isa = PBXFileReference; fileEncoding = 4; lastKnownFileType = file.xib; path = UserSettingsTableViewController.xib; sourceTree = "<group>"; };
		76DB681615E94F2D00E1CDC6 /* icon.png */ = {isa = PBXFileReference; lastKnownFileType = image.png; path = icon.png; sourceTree = "<group>"; };
		76DB681915E94FA500E1CDC6 /* icon@2x.png */ = {isa = PBXFileReference; lastKnownFileType = image.png; path = "icon@2x.png"; sourceTree = "<group>"; };
		EC28D04415E960A3004EA7D9 /* SuppliesTableViewController.h */ = {isa = PBXFileReference; fileEncoding = 4; lastKnownFileType = sourcecode.c.h; path = SuppliesTableViewController.h; sourceTree = "<group>"; };
		EC28D04515E960A3004EA7D9 /* SuppliesTableViewController.m */ = {isa = PBXFileReference; fileEncoding = 4; lastKnownFileType = sourcecode.c.objc; path = SuppliesTableViewController.m; sourceTree = "<group>"; };
		EC28D04815E9654C004EA7D9 /* 111-user.png */ = {isa = PBXFileReference; lastKnownFileType = image.png; path = "111-user.png"; sourceTree = "<group>"; };
		EC28D04A15E9691B004EA7D9 /* Logo-small.png */ = {isa = PBXFileReference; lastKnownFileType = image.png; path = "Logo-small.png"; sourceTree = "<group>"; };
		EC28D05015E96EB9004EA7D9 /* AddItemViewController.h */ = {isa = PBXFileReference; fileEncoding = 4; lastKnownFileType = sourcecode.c.h; path = AddItemViewController.h; sourceTree = "<group>"; };
		EC28D05115E96EB9004EA7D9 /* AddItemViewController.m */ = {isa = PBXFileReference; fileEncoding = 4; lastKnownFileType = sourcecode.c.objc; path = AddItemViewController.m; sourceTree = "<group>"; };
		EC28D05215E96EB9004EA7D9 /* AddItemViewController.xib */ = {isa = PBXFileReference; fileEncoding = 4; lastKnownFileType = file.xib; path = AddItemViewController.xib; sourceTree = "<group>"; };
		EC82905E15E94A7D007A2732 /* 84-lightbulb.png */ = {isa = PBXFileReference; lastKnownFileType = image.png; path = "84-lightbulb.png"; sourceTree = "<group>"; };
		EC82906015E94AF9007A2732 /* 181-hammer.png */ = {isa = PBXFileReference; lastKnownFileType = image.png; path = "181-hammer.png"; sourceTree = "<group>"; };
		EC84B83415E996D300C06A20 /* ItemDetailViewController.h */ = {isa = PBXFileReference; fileEncoding = 4; lastKnownFileType = sourcecode.c.h; path = ItemDetailViewController.h; sourceTree = "<group>"; };
		EC84B83515E996D300C06A20 /* ItemDetailViewController.m */ = {isa = PBXFileReference; fileEncoding = 4; lastKnownFileType = sourcecode.c.objc; path = ItemDetailViewController.m; sourceTree = "<group>"; };
		EC84B83615E996D300C06A20 /* ItemDetailViewController.xib */ = {isa = PBXFileReference; fileEncoding = 4; lastKnownFileType = file.xib; path = ItemDetailViewController.xib; sourceTree = "<group>"; };
/* End PBXFileReference section */

/* Begin PBXFrameworksBuildPhase section */
		09ABC06A13A1D52D009C3FCF /* Frameworks */ = {
			isa = PBXFrameworksBuildPhase;
			buildActionMask = 2147483647;
			files = (
				4998650515BF305000803E05 /* StoreKit.framework in Frameworks */,
				743D7B6D157DA60100084B67 /* CoreGraphics.framework in Frameworks */,
				2FCDD6B014A573F500295AAC /* QuartzCore.framework in Frameworks */,
				099CCEAD13F9E3760039A464 /* libz.1.1.3.dylib in Frameworks */,
				09BEF34C13D51C3F001BBCDB /* Security.framework in Frameworks */,
				095ACE8613C68EA300566243 /* AudioToolbox.framework in Frameworks */,
				092354B713A1D83C00DA740F /* MobileCoreServices.framework in Frameworks */,
				092354B513A1D7F000DA740F /* SystemConfiguration.framework in Frameworks */,
				092354B313A1D7EB00DA740F /* CFNetwork.framework in Frameworks */,
				09ABC07213A1D52D009C3FCF /* UIKit.framework in Frameworks */,
				09ABC07413A1D52D009C3FCF /* Foundation.framework in Frameworks */,
				094ACA0014367ACD008398F8 /* Parse.framework in Frameworks */,
			);
			runOnlyForDeploymentPostprocessing = 0;
		};
/* End PBXFrameworksBuildPhase section */

/* Begin PBXGroup section */
		09ABC06213A1D52D009C3FCF = {
			isa = PBXGroup;
			children = (
				76DB681915E94FA500E1CDC6 /* icon@2x.png */,
				76DB681615E94F2D00E1CDC6 /* icon.png */,
				7608FF5615E949F9004971BF /* Default.png */,
				7608FF5415E949C9004971BF /* Default@2x.png */,
				4998650415BF305000803E05 /* StoreKit.framework */,
				09ABC07713A1D52D009C3FCF /* ParseStarterProject */,
				09ABC07013A1D52D009C3FCF /* Frameworks */,
				09ABC06E13A1D52D009C3FCF /* Products */,
			);
			sourceTree = "<group>";
		};
		09ABC06E13A1D52D009C3FCF /* Products */ = {
			isa = PBXGroup;
			children = (
				09ABC06D13A1D52D009C3FCF /* Lendable.app */,
			);
			name = Products;
			sourceTree = "<group>";
		};
		09ABC07013A1D52D009C3FCF /* Frameworks */ = {
			isa = PBXGroup;
			children = (
				095ACE8513C68EA300566243 /* AudioToolbox.framework */,
				092354B213A1D7EB00DA740F /* CFNetwork.framework */,
				743D7B6C157DA60100084B67 /* CoreGraphics.framework */,
				09ABC07313A1D52D009C3FCF /* Foundation.framework */,
				099CCEAC13F9E3760039A464 /* libz.1.1.3.dylib */,
				092354B613A1D83C00DA740F /* MobileCoreServices.framework */,
				094AC9FF14367ACD008398F8 /* Parse.framework */,
				09BEF34B13D51C3F001BBCDB /* Security.framework */,
				092354B413A1D7F000DA740F /* SystemConfiguration.framework */,
				09ABC07113A1D52D009C3FCF /* UIKit.framework */,
				2FCDD6AF14A573F500295AAC /* QuartzCore.framework */,
			);
			name = Frameworks;
			sourceTree = "<group>";
		};
		09ABC07713A1D52D009C3FCF /* ParseStarterProject */ = {
			isa = PBXGroup;
			children = (
				764E100015E926440068252B /* Assets */,
				764E0FD415E922420068252B /* View Controllers */,
				09ABC08013A1D52D009C3FCF /* ParseStarterProjectAppDelegate.h */,
				09ABC08113A1D52D009C3FCF /* ParseStarterProjectAppDelegate.m */,
				09ABC08313A1D52D009C3FCF /* MainWindow.xib */,
				09ABC08613A1D52E009C3FCF /* ParseStarterProjectViewController.h */,
				09ABC08713A1D52E009C3FCF /* ParseStarterProjectViewController.m */,
				09ABC08913A1D52E009C3FCF /* ParseStarterProjectViewController.xib */,
				09ABC07813A1D52D009C3FCF /* Supporting Files */,
			);
			path = ParseStarterProject;
			sourceTree = "<group>";
		};
		09ABC07813A1D52D009C3FCF /* Supporting Files */ = {
			isa = PBXGroup;
			children = (
				09ABC07913A1D52D009C3FCF /* ParseStarterProject-Info.plist */,
				09144A7213C2997E00388B00 /* Entitlements.plist */,
				09ABC07A13A1D52D009C3FCF /* InfoPlist.strings */,
				09ABC07D13A1D52D009C3FCF /* ParseStarterProject-Prefix.pch */,
				09ABC07E13A1D52D009C3FCF /* main.m */,
			);
			name = "Supporting Files";
			sourceTree = "<group>";
		};
		764E0FD415E922420068252B /* View Controllers */ = {
			isa = PBXGroup;
			children = (
				764E0FE115E923510068252B /* XIB Resources */,
				764E0FE015E9233C0068252B /* Wanted Item by Other */,
				764E0FDF15E9231F0068252B /* List of Wanted Items by Others */,
				764E0FDE15E923140068252B /* DIY Settings */,
				764E0FDD15E923020068252B /* View Wanted Item */,
				764E0FDC15E922F80068252B /* Add a Wanted Item */,
				764E0FDB15E922DB0068252B /* List of Wanted Items */,
				764E0FDA15E922C90068252B /* DIY Lesson */,
				764E0FD915E9227B0068252B /* DIY Lessons */,
				764E0FD815E922740068252B /* DIY Search */,
				764E0FD715E922620068252B /* DIY Categories */,
				764E0FD615E922560068252B /* User Creation/Login */,
				7608FF4815E937D0004971BF /* DIYTabViewController.h */,
				7608FF4915E937D0004971BF /* DIYTabViewController.m */,
				7608FF5215E94951004971BF /* Login.png */,
				7608FF5015E94891004971BF /* SignUp.png */,
				7608FF4A15E937D0004971BF /* DIYTabViewController.xib */,
			);
			name = "View Controllers";
			sourceTree = "<group>";
		};
		764E0FD615E922560068252B /* User Creation/Login */ = {
			isa = PBXGroup;
			children = (
				764E0FFD15E926070068252B /* NewUserViewController.m */,
				764E0FFC15E926070068252B /* NewUserViewController.h */,
				764E0FFB15E926070068252B /* LoginViewController.m */,
				764E0FFA15E926070068252B /* LoginViewController.h */,
			);
			name = "User Creation/Login";
			sourceTree = "<group>";
		};
		764E0FD715E922620068252B /* DIY Categories */ = {
			isa = PBXGroup;
			children = (
				764E0EF115E311720068252B /* DIYCategoriesTableViewController.h */,
				764E0EF215E311720068252B /* DIYCategoriesTableViewController.m */,
			);
			name = "DIY Categories";
			sourceTree = "<group>";
		};
		764E0FD815E922740068252B /* DIY Search */ = {
			isa = PBXGroup;
			children = (
				76986FF915E97DBA0052EC45 /* DIYSearchLessonsViewController.h */,
				76986FFA15E97DBA0052EC45 /* DIYSearchLessonsViewController.m */,
			);
			name = "DIY Search";
			sourceTree = "<group>";
		};
		764E0FD915E9227B0068252B /* DIY Lessons */ = {
			isa = PBXGroup;
			children = (
				76986FEE15E968450052EC45 /* DIYLessonsViewController.h */,
				76986FEF15E968450052EC45 /* DIYLessonsViewController.m */,
			);
			name = "DIY Lessons";
			sourceTree = "<group>";
		};
		764E0FDA15E922C90068252B /* DIY Lesson */ = {
			isa = PBXGroup;
			children = (
				76986FFE15E980E20052EC45 /* DIYLessonViewController.h */,
				76986FFF15E980E20052EC45 /* DIYLessonViewController.m */,
				7698700015E980E20052EC45 /* DIYLessonViewController.xib */,
			);
			name = "DIY Lesson";
			sourceTree = "<group>";
		};
		764E0FDB15E922DB0068252B /* List of Wanted Items */ = {
			isa = PBXGroup;
			children = (
				EC28D04415E960A3004EA7D9 /* SuppliesTableViewController.h */,
				EC28D04515E960A3004EA7D9 /* SuppliesTableViewController.m */,
			);
			name = "List of Wanted Items";
			sourceTree = "<group>";
		};
		764E0FDC15E922F80068252B /* Add a Wanted Item */ = {
			isa = PBXGroup;
			children = (
				EC28D05015E96EB9004EA7D9 /* AddItemViewController.h */,
				EC28D05115E96EB9004EA7D9 /* AddItemViewController.m */,
				EC28D05215E96EB9004EA7D9 /* AddItemViewController.xib */,
			);
			name = "Add a Wanted Item";
			sourceTree = "<group>";
		};
		764E0FDD15E923020068252B /* View Wanted Item */ = {
			isa = PBXGroup;
			children = (
				EC84B83415E996D300C06A20 /* ItemDetailViewController.h */,
				EC84B83515E996D300C06A20 /* ItemDetailViewController.m */,
				EC84B83615E996D300C06A20 /* ItemDetailViewController.xib */,
			);
			name = "View Wanted Item";
			sourceTree = "<group>";
		};
		764E0FDE15E923140068252B /* DIY Settings */ = {
			isa = PBXGroup;
			children = (
				7698700815E991D40052EC45 /* UserSettingsTableViewController.h */,
				7698700915E991D40052EC45 /* UserSettingsTableViewController.m */,
				7698700A15E991D40052EC45 /* UserSettingsTableViewController.xib */,
			);
			name = "DIY Settings";
			sourceTree = "<group>";
		};
		764E0FDF15E9231F0068252B /* List of Wanted Items by Others */ = {
			isa = PBXGroup;
			children = (
			);
			name = "List of Wanted Items by Others";
			sourceTree = "<group>";
		};
		764E0FE015E9233C0068252B /* Wanted Item by Other */ = {
			isa = PBXGroup;
			children = (
			);
			name = "Wanted Item by Other";
			sourceTree = "<group>";
		};
		764E0FE115E923510068252B /* XIB Resources */ = {
			isa = PBXGroup;
			children = (
				76986FFB15E97DBA0052EC45 /* DIYSearchLessonsViewController.xib */,
				764E0FE215E9239C0068252B /* LoginViewController.xib */,
				764E0FE415E923B30068252B /* NewUserViewController.xib */,
				764E0FE815E923F40068252B /* DIYCategoriesViewController.xib */,
				764E0FEA15E924180068252B /* DIYLessonsViewController.xib */,
				764E0FEE15E9243C0068252B /* WantedItemViewController.xib */,
				764E0FF015E924540068252B /* WantedItemsViewController.xib */,
				764E0FF215E9246C0068252B /* AddWantedItemViewController.xib */,
				764E0FF415E9248B0068252B /* WantedItemsByOthersViewController.xib */,
				764E0FF615E9249C0068252B /* WantedItemByOtherViewController.xib */,
			);
			name = "XIB Resources";
			sourceTree = "<group>";
		};
		764E100015E926440068252B /* Assets */ = {
			isa = PBXGroup;
			children = (
				EC28D04A15E9691B004EA7D9 /* Logo-small.png */,
				EC28D04815E9654C004EA7D9 /* 111-user.png */,
				7608FF4E15E94379004971BF /* Logo.png */,
				EC82906015E94AF9007A2732 /* 181-hammer.png */,
				EC82905E15E94A7D007A2732 /* 84-lightbulb.png */,
				764E100115E9266B0068252B /* just_background@2x.png */,
			);
			name = Assets;
			sourceTree = "<group>";
		};
/* End PBXGroup section */

/* Begin PBXNativeTarget section */
		09ABC06C13A1D52D009C3FCF /* ParseStarterProject */ = {
			isa = PBXNativeTarget;
			buildConfigurationList = 09ABC08E13A1D52E009C3FCF /* Build configuration list for PBXNativeTarget "ParseStarterProject" */;
			buildPhases = (
				09ABC06913A1D52D009C3FCF /* Sources */,
				09ABC06A13A1D52D009C3FCF /* Frameworks */,
				09ABC06B13A1D52D009C3FCF /* Resources */,
			);
			buildRules = (
			);
			dependencies = (
			);
			name = ParseStarterProject;
			productName = ParseStarterProject;
			productReference = 09ABC06D13A1D52D009C3FCF /* Lendable.app */;
			productType = "com.apple.product-type.application";
		};
/* End PBXNativeTarget section */

/* Begin PBXProject section */
		09ABC06413A1D52D009C3FCF /* Project object */ = {
			isa = PBXProject;
			attributes = {
				LastUpgradeCheck = 0430;
			};
			buildConfigurationList = 09ABC06713A1D52D009C3FCF /* Build configuration list for PBXProject "Lendable" */;
			compatibilityVersion = "Xcode 3.2";
			developmentRegion = English;
			hasScannedForEncodings = 0;
			knownRegions = (
				en,
			);
			mainGroup = 09ABC06213A1D52D009C3FCF;
			productRefGroup = 09ABC06E13A1D52D009C3FCF /* Products */;
			projectDirPath = "";
			projectRoot = "";
			targets = (
				09ABC06C13A1D52D009C3FCF /* ParseStarterProject */,
			);
		};
/* End PBXProject section */

/* Begin PBXResourcesBuildPhase section */
		09ABC06B13A1D52D009C3FCF /* Resources */ = {
			isa = PBXResourcesBuildPhase;
			buildActionMask = 2147483647;
			files = (
				09ABC07C13A1D52D009C3FCF /* InfoPlist.strings in Resources */,
				09ABC08513A1D52E009C3FCF /* MainWindow.xib in Resources */,
				09ABC08B13A1D52E009C3FCF /* ParseStarterProjectViewController.xib in Resources */,
				09144A7313C2997E00388B00 /* Entitlements.plist in Resources */,
				764E0FE315E9239C0068252B /* LoginViewController.xib in Resources */,
				764E0FE515E923B30068252B /* NewUserViewController.xib in Resources */,
				764E0FE915E923F40068252B /* DIYCategoriesViewController.xib in Resources */,
				764E0FEB15E924180068252B /* DIYLessonsViewController.xib in Resources */,
				764E0FEF15E9243C0068252B /* WantedItemViewController.xib in Resources */,
				764E0FF115E924540068252B /* WantedItemsViewController.xib in Resources */,
				764E0FF315E9246D0068252B /* AddWantedItemViewController.xib in Resources */,
				764E0FF515E9248B0068252B /* WantedItemsByOthersViewController.xib in Resources */,
				764E0FF715E9249D0068252B /* WantedItemByOtherViewController.xib in Resources */,
				764E100215E9266B0068252B /* just_background@2x.png in Resources */,
				7608FF4C15E937D0004971BF /* DIYTabViewController.xib in Resources */,
				7608FF4F15E94379004971BF /* Logo.png in Resources */,
				7608FF5115E94891004971BF /* SignUp.png in Resources */,
				7608FF5315E94951004971BF /* Login.png in Resources */,
				7608FF5515E949C9004971BF /* Default@2x.png in Resources */,
				7608FF5715E949F9004971BF /* Default.png in Resources */,
				EC82905F15E94A7D007A2732 /* 84-lightbulb.png in Resources */,
				EC82906115E94AF9007A2732 /* 181-hammer.png in Resources */,
				76DB681715E94F2D00E1CDC6 /* icon.png in Resources */,
				76DB681A15E94FA500E1CDC6 /* icon@2x.png in Resources */,
				EC28D04915E9654C004EA7D9 /* 111-user.png in Resources */,
				EC28D04B15E9691B004EA7D9 /* Logo-small.png in Resources */,
				EC28D05415E96EB9004EA7D9 /* AddItemViewController.xib in Resources */,
				76986FFD15E97DBA0052EC45 /* DIYSearchLessonsViewController.xib in Resources */,
				7698700215E980E20052EC45 /* DIYLessonViewController.xib in Resources */,
				7698700C15E991D40052EC45 /* UserSettingsTableViewController.xib in Resources */,
				EC84B83815E996D300C06A20 /* ItemDetailViewController.xib in Resources */,
			);
			runOnlyForDeploymentPostprocessing = 0;
		};
/* End PBXResourcesBuildPhase section */

/* Begin PBXSourcesBuildPhase section */
		09ABC06913A1D52D009C3FCF /* Sources */ = {
			isa = PBXSourcesBuildPhase;
			buildActionMask = 2147483647;
			files = (
				09ABC07F13A1D52D009C3FCF /* main.m in Sources */,
				09ABC08213A1D52D009C3FCF /* ParseStarterProjectAppDelegate.m in Sources */,
				09ABC08813A1D52E009C3FCF /* ParseStarterProjectViewController.m in Sources */,
				764E0EF315E311720068252B /* DIYCategoriesTableViewController.m in Sources */,
				764E0FFE15E926070068252B /* LoginViewController.m in Sources */,
				764E0FFF15E926070068252B /* NewUserViewController.m in Sources */,
				7608FF4B15E937D0004971BF /* DIYTabViewController.m in Sources */,
				EC28D04615E960A3004EA7D9 /* SuppliesTableViewController.m in Sources */,
				EC28D05315E96EB9004EA7D9 /* AddItemViewController.m in Sources */,
				76986FF015E968450052EC45 /* DIYLessonsViewController.m in Sources */,
				76986FFC15E97DBA0052EC45 /* DIYSearchLessonsViewController.m in Sources */,
				7698700115E980E20052EC45 /* DIYLessonViewController.m in Sources */,
				7698700B15E991D40052EC45 /* UserSettingsTableViewController.m in Sources */,
				EC84B83715E996D300C06A20 /* ItemDetailViewController.m in Sources */,
			);
			runOnlyForDeploymentPostprocessing = 0;
		};
/* End PBXSourcesBuildPhase section */

/* Begin PBXVariantGroup section */
		09ABC07A13A1D52D009C3FCF /* InfoPlist.strings */ = {
			isa = PBXVariantGroup;
			children = (
				09ABC07B13A1D52D009C3FCF /* en */,
			);
			name = InfoPlist.strings;
			sourceTree = "<group>";
		};
		09ABC08313A1D52D009C3FCF /* MainWindow.xib */ = {
			isa = PBXVariantGroup;
			children = (
				09ABC08413A1D52E009C3FCF /* en */,
			);
			name = MainWindow.xib;
			sourceTree = "<group>";
		};
		09ABC08913A1D52E009C3FCF /* ParseStarterProjectViewController.xib */ = {
			isa = PBXVariantGroup;
			children = (
				09ABC08A13A1D52E009C3FCF /* en */,
			);
			name = ParseStarterProjectViewController.xib;
			sourceTree = "<group>";
		};
/* End PBXVariantGroup section */

/* Begin XCBuildConfiguration section */
		09ABC08C13A1D52E009C3FCF /* Debug */ = {
			isa = XCBuildConfiguration;
			buildSettings = {
				ARCHS = "$(ARCHS_STANDARD_32_BIT)";
				CODE_SIGN_IDENTITY = "iPhone Developer: Jonathan Mayhak (TLBZQ9XXM2)";
				"CODE_SIGN_IDENTITY[sdk=iphoneos*]" = "iPhone Developer: Jonathan Mayhak (TLBZQ9XXM2)";
				GCC_C_LANGUAGE_STANDARD = gnu99;
				GCC_OPTIMIZATION_LEVEL = 0;
				GCC_PREPROCESSOR_DEFINITIONS = DEBUG;
				GCC_SYMBOLS_PRIVATE_EXTERN = NO;
				GCC_VERSION = com.apple.compilers.llvm.clang.1_0;
				GCC_WARN_ABOUT_RETURN_TYPE = YES;
				GCC_WARN_UNUSED_VARIABLE = YES;
				IPHONEOS_DEPLOYMENT_TARGET = 4.3;
				PROVISIONING_PROFILE = "D532C479-9AE7-48C6-AFED-43FB3BDF03F2";
				"PROVISIONING_PROFILE[sdk=iphoneos*]" = "D532C479-9AE7-48C6-AFED-43FB3BDF03F2";
				SDKROOT = iphoneos;
			};
			name = Debug;
		};
		09ABC08D13A1D52E009C3FCF /* Release */ = {
			isa = XCBuildConfiguration;
			buildSettings = {
				ARCHS = "$(ARCHS_STANDARD_32_BIT)";
				CODE_SIGN_IDENTITY = "";
				"CODE_SIGN_IDENTITY[sdk=iphoneos*]" = "";
				GCC_C_LANGUAGE_STANDARD = gnu99;
				GCC_VERSION = com.apple.compilers.llvm.clang.1_0;
				GCC_WARN_ABOUT_RETURN_TYPE = YES;
				GCC_WARN_UNUSED_VARIABLE = YES;
				IPHONEOS_DEPLOYMENT_TARGET = 4.3;
				OTHER_CFLAGS = "-DNS_BLOCK_ASSERTIONS=1";
				SDKROOT = iphoneos;
			};
			name = Release;
		};
		09ABC08F13A1D52E009C3FCF /* Debug */ = {
			isa = XCBuildConfiguration;
			buildSettings = {
				ALWAYS_SEARCH_USER_PATHS = NO;
				COPY_PHASE_STRIP = NO;
				FRAMEWORK_SEARCH_PATHS = (
					"$(inherited)",
					"\"$(SRCROOT)\"",
				);
				GCC_DYNAMIC_NO_PIC = NO;
				GCC_PRECOMPILE_PREFIX_HEADER = YES;
				GCC_PREFIX_HEADER = "ParseStarterProject/ParseStarterProject-Prefix.pch";
				GCC_VERSION = com.apple.compilers.llvm.clang.1_0;
				INFOPLIST_FILE = "ParseStarterProject/ParseStarterProject-Info.plist";
				PRODUCT_NAME = Lendable;
				WRAPPER_EXTENSION = app;
			};
			name = Debug;
		};
		09ABC09013A1D52E009C3FCF /* Release */ = {
			isa = XCBuildConfiguration;
			buildSettings = {
				ALWAYS_SEARCH_USER_PATHS = NO;
				COPY_PHASE_STRIP = YES;
				FRAMEWORK_SEARCH_PATHS = (
					"$(inherited)",
					"\"$(SRCROOT)\"",
				);
				GCC_PRECOMPILE_PREFIX_HEADER = YES;
				GCC_PREFIX_HEADER = "ParseStarterProject/ParseStarterProject-Prefix.pch";
				GCC_VERSION = com.apple.compilers.llvm.clang.1_0;
				INFOPLIST_FILE = "ParseStarterProject/ParseStarterProject-Info.plist";
				PRODUCT_NAME = Lendable;
				VALIDATE_PRODUCT = YES;
				WRAPPER_EXTENSION = app;
			};
			name = Release;
		};
/* End XCBuildConfiguration section */

/* Begin XCConfigurationList section */
		09ABC06713A1D52D009C3FCF /* Build configuration list for PBXProject "Lendable" */ = {
			isa = XCConfigurationList;
			buildConfigurations = (
				09ABC08C13A1D52E009C3FCF /* Debug */,
				09ABC08D13A1D52E009C3FCF /* Release */,
			);
			defaultConfigurationIsVisible = 0;
			defaultConfigurationName = Release;
		};
		09ABC08E13A1D52E009C3FCF /* Build configuration list for PBXNativeTarget "ParseStarterProject" */ = {
			isa = XCConfigurationList;
			buildConfigurations = (
				09ABC08F13A1D52E009C3FCF /* Debug */,
				09ABC09013A1D52E009C3FCF /* Release */,
			);
			defaultConfigurationIsVisible = 0;
			defaultConfigurationName = Release;
		};
/* End XCConfigurationList section */
	};
	rootObject = 09ABC06413A1D52D009C3FCF /* Project object */;
}
